
Microsoft Visual Studio Solution File, Format Version 12.00
# Visual Studio Version 16
VisualStudioVersion = 16.0.32413.511
MinimumVisualStudioVersion = 10.0.40219.1
Project("{FAE04EC0-301F-11D3-BF4B-00C04F79EFBC}") = "WPF_stock_server", "WPF_stock_server.csproj", "{667D962A-B709-46A7-8502-D2ABE84BC3E8}"
EndProject
Global
	GlobalSection(SolutionConfigurationPlatforms) = preSolution
		Debug|Any CPU = Debug|Any CPU
		Release|Any CPU = Release|Any CPU
	EndGlobalSection
	GlobalSection(ProjectConfigurationPlatforms) = postSolution
		{667D962A-B709-46A7-8502-D2ABE84BC3E8}.Debug|Any CPU.ActiveCfg = Debug|Any CPU
		{667D962A-B709-46A7-8502-D2ABE84BC3E8}.Debug|Any CPU.Build.0 = Debug|Any CPU
		{667D962A-B709-46A7-8502-D2ABE84BC3E8}.Release|Any CPU.ActiveCfg = Release|Any CPU
		{667D962A-B709-46A7-8502-D2ABE84BC3E8}.Release|Any CPU.Build.0 = Release|Any CPU
	EndGlobalSection
	GlobalSection(SolutionProperties) = preSolution
		HideSolutionNode = FALSE
	EndGlobalSection
	GlobalSection(ExtensibilityGlobals) = postSolution
		SolutionGuid = {3A019829-F4AF-4082-8FF4-BB10D1BFE6E6}
	EndGlobalSection
EndGlobal
